
Microsoft Visual Studio Solution File, Format Version 12.00
# Visual Studio Version 16
VisualStudioVersion = 16.0.31424.327
MinimumVisualStudioVersion = 10.0.40219.1
Project("{FAE04EC0-301F-11D3-BF4B-00C04F79EFBC}") = "WindowsCommander", "WindowsCommander\WindowsCommander.csproj", "{6FFF5FAF-2927-434B-837F-B8CEC8759804}"
EndProject
Global
	GlobalSection(SolutionConfigurationPlatforms) = preSolution
		Debug|Any CPU = Debug|Any CPU
		Release|Any CPU = Release|Any CPU
	EndGlobalSection
	GlobalSection(ProjectConfigurationPlatforms) = postSolution
		{6FFF5FAF-2927-434B-837F-B8CEC8759804}.Debug|Any CPU.ActiveCfg = Debug|Any CPU
		{6FFF5FAF-2927-434B-837F-B8CEC8759804}.Debug|Any CPU.Build.0 = Debug|Any CPU
		{6FFF5FAF-2927-434B-837F-B8CEC8759804}.Release|Any CPU.ActiveCfg = Release|Any CPU
		{6FFF5FAF-2927-434B-837F-B8CEC8759804}.Release|Any CPU.Build.0 = Release|Any CPU
	EndGlobalSection
	GlobalSection(SolutionProperties) = preSolution
		HideSolutionNode = FALSE
	EndGlobalSection
	GlobalSection(ExtensibilityGlobals) = postSolution
		SolutionGuid = {1C572B75-44B0-4F9C-A90B-F5CD2B8BFDC9}
	EndGlobalSection
EndGlobal
